
Microsoft Visual Studio Solution File, Format Version 12.00
# Visual Studio 15
VisualStudioVersion = 15.0.28307.168
MinimumVisualStudioVersion = 10.0.40219.1
Project("{FAE04EC0-301F-11D3-BF4B-00C04F79EFBC}") = "HelloWebClient", "HelloWebClient\HelloWebClient.csproj", "{2438F0DA-5975-46B8-892C-549E4C6B3E96}"
EndProject
Global
	GlobalSection(SolutionConfigurationPlatforms) = preSolution
		Debug|Any CPU = Debug|Any CPU
		Release|Any CPU = Release|Any CPU
	EndGlobalSection
	GlobalSection(ProjectConfigurationPlatforms) = postSolution
		{2438F0DA-5975-46B8-892C-549E4C6B3E96}.Debug|Any CPU.ActiveCfg = Debug|Any CPU
		{2438F0DA-5975-46B8-892C-549E4C6B3E96}.Debug|Any CPU.Build.0 = Debug|Any CPU
		{2438F0DA-5975-46B8-892C-549E4C6B3E96}.Release|Any CPU.ActiveCfg = Release|Any CPU
		{2438F0DA-5975-46B8-892C-549E4C6B3E96}.Release|Any CPU.Build.0 = Release|Any CPU
	EndGlobalSection
	GlobalSection(SolutionProperties) = preSolution
		HideSolutionNode = FALSE
	EndGlobalSection
	GlobalSection(ExtensibilityGlobals) = postSolution
		SolutionGuid = {0902C6C2-C893-43CE-BBA8-33F3FB581DCD}
	EndGlobalSection
EndGlobal
